{
  "format": 1,
  "packages": [
    {
      "commit": "002ae973cda5068a188f146023f73d9dc16d69c2",
      "dependencies": {},
      "id": "p26f732dc0fc7c293",
      "name": "Kryon",
      "ref": "master",
      "url": "https://github.com/kryonlabs/kryon.git"
    }
  ],
  "root": {
    "dependencies": {"Kryon": "p26f732dc0fc7c293"},
    "name": "workbook"
  },
  "toolchain": {
    "commit": "5cc0aba97e9bc8fa2d75175a409087270473e4e6",
    "ref": "master",
    "url": "https://github.com/ziranlang/ziran.git"
  }
}
