{
  "format": 1,
  "packages": [
    {
      "commit": "933691600cf10e81b1f53d9919dbcb371c1968e1",
      "dependencies": {},
      "id": "p56788fa3dab3e73a",
      "name": "mingcute",
      "ref": "master",
      "url": "https://github.com/kryonlabs/mingcute.git"
    },
    {
      "commit": "fafa2cea97d0cb379d832086ba45a989fa6f9c8e",
      "dependencies": {},
      "id": "p5a77c9c35110e925",
      "name": "raylib",
      "ref": "fafa2cea97d0cb379d832086ba45a989fa6f9c8e",
      "source": true,
      "url": "https://github.com/raysan5/raylib.git"
    },
    {
      "commit": "eba76ac1a762999148d06cb8104a50ef2384965c",
      "dependencies": {"raylib": "p5a77c9c35110e925"},
      "id": "p9079b9ec0a8619dd",
      "name": "Kryon",
      "ref": "master",
      "url": "https://github.com/kryonlabs/kryon.git"
    }
  ],
  "root": {
    "dependencies": {"Kryon": "p9079b9ec0a8619dd", "mingcute": "p56788fa3dab3e73a"},
    "name": "workbook"
  },
  "toolchain": {
    "commit": "e63fcf5bdf91a5e07dd4372f2b24effec8c7586b",
    "ref": "master",
    "url": "https://github.com/ziranlang/ziran.git"
  }
}
